// !$*UTF8*$!
{
	archiveVersion = 1;
	classes = {
	};
	objectVersion = 50;
	objects = {

/* Begin PBXBuildFile section */
		DE0474B0240423D3008825DB /* UITests.swift in Sources */ = {isa = PBXBuildFile; fileRef = DE0474A0240421E9008825DB /* UITests.swift */; };
		DE0474B12404245D008825DB /* Genre.swift in Sources */ = {isa = PBXBuildFile; fileRef = DE0CAE5A234BDAD70071FF96 /* Genre.swift */; };
		DE0CAE4C234BD75D0071FF96 /* MovieRow.swift in Sources */ = {isa = PBXBuildFile; fileRef = DE0CAE4B234BD75D0071FF96 /* MovieRow.swift */; };
		DE0CAE4F234BD98C0071FF96 /* MovieDBClient.swift in Sources */ = {isa = PBXBuildFile; fileRef = DE0CAE4E234BD98C0071FF96 /* MovieDBClient.swift */; };
		DE0CAE53234BDA190071FF96 /* MovieDBResponse.swift in Sources */ = {isa = PBXBuildFile; fileRef = DE0CAE52234BDA190071FF96 /* MovieDBResponse.swift */; };
		DE0CAE55234BDA6D0071FF96 /* MovieSearchResponse.swift in Sources */ = {isa = PBXBuildFile; fileRef = DE0CAE54234BDA6D0071FF96 /* MovieSearchResponse.swift */; };
		DE0CAE57234BDA810071FF96 /* GenreResponse.swift in Sources */ = {isa = PBXBuildFile; fileRef = DE0CAE56234BDA810071FF96 /* GenreResponse.swift */; };
		DE0CAE59234BDAA30071FF96 /* MovieDetails.swift in Sources */ = {isa = PBXBuildFile; fileRef = DE0CAE58234BDAA30071FF96 /* MovieDetails.swift */; };
		DE0CAE5B234BDAD70071FF96 /* Genre.swift in Sources */ = {isa = PBXBuildFile; fileRef = DE0CAE5A234BDAD70071FF96 /* Genre.swift */; };
		DE0CAE5D234BDAE80071FF96 /* Movie.swift in Sources */ = {isa = PBXBuildFile; fileRef = DE0CAE5C234BDAE80071FF96 /* Movie.swift */; };
		DE0CAE5F234BDD910071FF96 /* MovieSearchField.swift in Sources */ = {isa = PBXBuildFile; fileRef = DE0CAE5E234BDD910071FF96 /* MovieSearchField.swift */; };
		DE0CAE61234BE0AF0071FF96 /* MovieData.swift in Sources */ = {isa = PBXBuildFile; fileRef = DE0CAE60234BE0AF0071FF96 /* MovieData.swift */; };
		DE0CAE64234BE3610071FF96 /* Secrets.plist in Resources */ = {isa = PBXBuildFile; fileRef = DE0CAE63234BE3610071FF96 /* Secrets.plist */; };
		DE5568FD234C6872001C8ED6 /* DummyData.swift in Sources */ = {isa = PBXBuildFile; fileRef = DE5568FC234C6872001C8ED6 /* DummyData.swift */; };
		DE6D0339234B3036000D4666 /* AppDelegate.swift in Sources */ = {isa = PBXBuildFile; fileRef = DE6D0338234B3036000D4666 /* AppDelegate.swift */; };
		DE6D033B234B3036000D4666 /* SceneDelegate.swift in Sources */ = {isa = PBXBuildFile; fileRef = DE6D033A234B3036000D4666 /* SceneDelegate.swift */; };
		DE6D033D234B3036000D4666 /* MovieList.swift in Sources */ = {isa = PBXBuildFile; fileRef = DE6D033C234B3036000D4666 /* MovieList.swift */; };
		DE6D033F234B3038000D4666 /* Assets.xcassets in Resources */ = {isa = PBXBuildFile; fileRef = DE6D033E234B3038000D4666 /* Assets.xcassets */; };
		DE6D0342234B3038000D4666 /* Preview Assets.xcassets in Resources */ = {isa = PBXBuildFile; fileRef = DE6D0341234B3038000D4666 /* Preview Assets.xcassets */; };
		DE6D0345234B3038000D4666 /* LaunchScreen.storyboard in Resources */ = {isa = PBXBuildFile; fileRef = DE6D0343234B3038000D4666 /* LaunchScreen.storyboard */; };
		DEBA849D234CFFCF005DE767 /* MovieDetailsView.swift in Sources */ = {isa = PBXBuildFile; fileRef = DEBA849C234CFFCF005DE767 /* MovieDetailsView.swift */; };
		DEBF69E3234DE8DC009240B0 /* Thumbnail.swift in Sources */ = {isa = PBXBuildFile; fileRef = DEBF69E2234DE8DC009240B0 /* Thumbnail.swift */; };
		DEBF69E5234E04B2009240B0 /* BackgroundImage.swift in Sources */ = {isa = PBXBuildFile; fileRef = DEBF69E4234E04B2009240B0 /* BackgroundImage.swift */; };
		DEE9FA152404002700DC03BD /* UnitTests.swift in Sources */ = {isa = PBXBuildFile; fileRef = DEE9FA142404002700DC03BD /* UnitTests.swift */; };
/* End PBXBuildFile section */

/* Begin PBXContainerItemProxy section */
		DE0474AB24042306008825DB /* PBXContainerItemProxy */ = {
			isa = PBXContainerItemProxy;
			containerPortal = DE6D032D234B3036000D4666 /* Project object */;
			proxyType = 1;
			remoteGlobalIDString = DE6D0334234B3036000D4666;
			remoteInfo = MovieSearch2;
		};
		DEE9FA172404002700DC03BD /* PBXContainerItemProxy */ = {
			isa = PBXContainerItemProxy;
			containerPortal = DE6D032D234B3036000D4666 /* Project object */;
			proxyType = 1;
			remoteGlobalIDString = DE6D0334234B3036000D4666;
			remoteInfo = MovieSearch2;
		};
/* End PBXContainerItemProxy section */

/* Begin PBXFileReference section */
		DE0474A0240421E9008825DB /* UITests.swift */ = {isa = PBXFileReference; lastKnownFileType = sourcecode.swift; path = UITests.swift; sourceTree = "<group>"; };
		DE0474A624042306008825DB /* UITests.xctest */ = {isa = PBXFileReference; explicitFileType = wrapper.cfbundle; includeInIndex = 0; path = UITests.xctest; sourceTree = BUILT_PRODUCTS_DIR; };
		DE0CAE4B234BD75D0071FF96 /* MovieRow.swift */ = {isa = PBXFileReference; lastKnownFileType = sourcecode.swift; path = MovieRow.swift; sourceTree = "<group>"; };
		DE0CAE4E234BD98C0071FF96 /* MovieDBClient.swift */ = {isa = PBXFileReference; lastKnownFileType = sourcecode.swift; path = MovieDBClient.swift; sourceTree = "<group>"; };
		DE0CAE52234BDA190071FF96 /* MovieDBResponse.swift */ = {isa = PBXFileReference; lastKnownFileType = sourcecode.swift; path = MovieDBResponse.swift; sourceTree = "<group>"; };
		DE0CAE54234BDA6D0071FF96 /* MovieSearchResponse.swift */ = {isa = PBXFileReference; lastKnownFileType = sourcecode.swift; path = MovieSearchResponse.swift; sourceTree = "<group>"; };
		DE0CAE56234BDA810071FF96 /* GenreResponse.swift */ = {isa = PBXFileReference; lastKnownFileType = sourcecode.swift; path = GenreResponse.swift; sourceTree = "<group>"; };
		DE0CAE58234BDAA30071FF96 /* MovieDetails.swift */ = {isa = PBXFileReference; lastKnownFileType = sourcecode.swift; path = MovieDetails.swift; sourceTree = "<group>"; };
		DE0CAE5A234BDAD70071FF96 /* Genre.swift */ = {isa = PBXFileReference; lastKnownFileType = sourcecode.swift; path = Genre.swift; sourceTree = "<group>"; };
		DE0CAE5C234BDAE80071FF96 /* Movie.swift */ = {isa = PBXFileReference; lastKnownFileType = sourcecode.swift; path = Movie.swift; sourceTree = "<group>"; };
		DE0CAE5E234BDD910071FF96 /* MovieSearchField.swift */ = {isa = PBXFileReference; lastKnownFileType = sourcecode.swift; path = MovieSearchField.swift; sourceTree = "<group>"; };
		DE0CAE60234BE0AF0071FF96 /* MovieData.swift */ = {isa = PBXFileReference; lastKnownFileType = sourcecode.swift; path = MovieData.swift; sourceTree = "<group>"; };
		DE0CAE63234BE3610071FF96 /* Secrets.plist */ = {isa = PBXFileReference; lastKnownFileType = text.plist.xml; path = Secrets.plist; sourceTree = "<group>"; };
		DE5568FC234C6872001C8ED6 /* DummyData.swift */ = {isa = PBXFileReference; lastKnownFileType = sourcecode.swift; path = DummyData.swift; sourceTree = "<group>"; };
		DE6D0335234B3036000D4666 /* MovieSearch2.app */ = {isa = PBXFileReference; explicitFileType = wrapper.application; includeInIndex = 0; path = MovieSearch2.app; sourceTree = BUILT_PRODUCTS_DIR; };
		DE6D0338234B3036000D4666 /* AppDelegate.swift */ = {isa = PBXFileReference; lastKnownFileType = sourcecode.swift; path = AppDelegate.swift; sourceTree = "<group>"; };
		DE6D033A234B3036000D4666 /* SceneDelegate.swift */ = {isa = PBXFileReference; lastKnownFileType = sourcecode.swift; path = SceneDelegate.swift; sourceTree = "<group>"; };
		DE6D033C234B3036000D4666 /* MovieList.swift */ = {isa = PBXFileReference; lastKnownFileType = sourcecode.swift; path = MovieList.swift; sourceTree = "<group>"; };
		DE6D033E234B3038000D4666 /* Assets.xcassets */ = {isa = PBXFileReference; lastKnownFileType = folder.assetcatalog; path = Assets.xcassets; sourceTree = "<group>"; };
		DE6D0341234B3038000D4666 /* Preview Assets.xcassets */ = {isa = PBXFileReference; lastKnownFileType = folder.assetcatalog; path = "Preview Assets.xcassets"; sourceTree = "<group>"; };
		DE6D0344234B3038000D4666 /* Base */ = {isa = PBXFileReference; lastKnownFileType = file.storyboard; name = Base; path = Base.lproj/LaunchScreen.storyboard; sourceTree = "<group>"; };
		DE6D0346234B3038000D4666 /* Info.plist */ = {isa = PBXFileReference; lastKnownFileType = text.plist.xml; path = Info.plist; sourceTree = "<group>"; };
		DEBA849C234CFFCF005DE767 /* MovieDetailsView.swift */ = {isa = PBXFileReference; lastKnownFileType = sourcecode.swift; path = MovieDetailsView.swift; sourceTree = "<group>"; };
		DEBF69E2234DE8DC009240B0 /* Thumbnail.swift */ = {isa = PBXFileReference; lastKnownFileType = sourcecode.swift; path = Thumbnail.swift; sourceTree = "<group>"; };
		DEBF69E4234E04B2009240B0 /* BackgroundImage.swift */ = {isa = PBXFileReference; lastKnownFileType = sourcecode.swift; path = BackgroundImage.swift; sourceTree = "<group>"; };
		DEE9FA0D2404001400DC03BD /* TestPlan.xctestplan */ = {isa = PBXFileReference; lastKnownFileType = text; path = TestPlan.xctestplan; sourceTree = "<group>"; };
		DEE9FA122404002700DC03BD /* UnitTests.xctest */ = {isa = PBXFileReference; explicitFileType = wrapper.cfbundle; includeInIndex = 0; path = UnitTests.xctest; sourceTree = BUILT_PRODUCTS_DIR; };
		DEE9FA142404002700DC03BD /* UnitTests.swift */ = {isa = PBXFileReference; lastKnownFileType = sourcecode.swift; path = UnitTests.swift; sourceTree = "<group>"; };
		DEE9FA162404002700DC03BD /* Info.plist */ = {isa = PBXFileReference; lastKnownFileType = text.plist.xml; path = Info.plist; sourceTree = "<group>"; };
/* End PBXFileReference section */

/* Begin PBXFrameworksBuildPhase section */
		DE0474A324042306008825DB /* Frameworks */ = {
			isa = PBXFrameworksBuildPhase;
			buildActionMask = 2147483647;
			files = (
			);
			runOnlyForDeploymentPostprocessing = 0;
		};
		DE6D0332234B3036000D4666 /* Frameworks */ = {
			isa = PBXFrameworksBuildPhase;
			buildActionMask = 2147483647;
			files = (
			);
			runOnlyForDeploymentPostprocessing = 0;
		};
		DEE9FA0F2404002700DC03BD /* Frameworks */ = {
			isa = PBXFrameworksBuildPhase;
			buildActionMask = 2147483647;
			files = (
			);
			runOnlyForDeploymentPostprocessing = 0;
		};
/* End PBXFrameworksBuildPhase section */

/* Begin PBXGroup section */
		DE0CAE4A234BD6CC0071FF96 /* View */ = {
			isa = PBXGroup;
			children = (
				DE6D033C234B3036000D4666 /* MovieList.swift */,
				DE0CAE4B234BD75D0071FF96 /* MovieRow.swift */,
				DEBA849C234CFFCF005DE767 /* MovieDetailsView.swift */,
				DEBF69E4234E04B2009240B0 /* BackgroundImage.swift */,
				DE0CAE5E234BDD910071FF96 /* MovieSearchField.swift */,
				DEBF69E2234DE8DC009240B0 /* Thumbnail.swift */,
			);
			path = View;
			sourceTree = "<group>";
		};
		DE0CAE4D234BD96E0071FF96 /* Model */ = {
			isa = PBXGroup;
			children = (
				DE0CAE60234BE0AF0071FF96 /* MovieData.swift */,
				DE5568FC234C6872001C8ED6 /* DummyData.swift */,
				DE0CAE4E234BD98C0071FF96 /* MovieDBClient.swift */,
				DE0CAE50234BD9A10071FF96 /* Type */,
			);
			path = Model;
			sourceTree = "<group>";
		};
		DE0CAE50234BD9A10071FF96 /* Type */ = {
			isa = PBXGroup;
			children = (
				DE0CAE51234BD9F70071FF96 /* Response */,
				DE0CAE58234BDAA30071FF96 /* MovieDetails.swift */,
				DE0CAE5A234BDAD70071FF96 /* Genre.swift */,
				DE0CAE5C234BDAE80071FF96 /* Movie.swift */,
			);
			path = Type;
			sourceTree = "<group>";
		};
		DE0CAE51234BD9F70071FF96 /* Response */ = {
			isa = PBXGroup;
			children = (
				DE0CAE52234BDA190071FF96 /* MovieDBResponse.swift */,
				DE0CAE54234BDA6D0071FF96 /* MovieSearchResponse.swift */,
				DE0CAE56234BDA810071FF96 /* GenreResponse.swift */,
			);
			path = Response;
			sourceTree = "<group>";
		};
		DE0CAE62234BE3430071FF96 /* Resources */ = {
			isa = PBXGroup;
			children = (
				DE0CAE63234BE3610071FF96 /* Secrets.plist */,
			);
			path = Resources;
			sourceTree = "<group>";
		};
		DE1622F22360600E00ED0A82 /* Extensions */ = {
			isa = PBXGroup;
			children = (
			);
			path = Extensions;
			sourceTree = "<group>";
		};
		DE6D032C234B3036000D4666 = {
			isa = PBXGroup;
			children = (
				DE6D0337234B3036000D4666 /* MovieSearch2 */,
				DEE9FA132404002700DC03BD /* MovieSearch2Tests */,
				DE6D0336234B3036000D4666 /* Products */,
			);
			sourceTree = "<group>";
		};
		DE6D0336234B3036000D4666 /* Products */ = {
			isa = PBXGroup;
			children = (
				DE6D0335234B3036000D4666 /* MovieSearch2.app */,
				DEE9FA122404002700DC03BD /* UnitTests.xctest */,
				DE0474A624042306008825DB /* UITests.xctest */,
			);
			name = Products;
			sourceTree = "<group>";
		};
		DE6D0337234B3036000D4666 /* MovieSearch2 */ = {
			isa = PBXGroup;
			children = (
				DE6D0338234B3036000D4666 /* AppDelegate.swift */,
				DE6D033A234B3036000D4666 /* SceneDelegate.swift */,
				DE1622F22360600E00ED0A82 /* Extensions */,
				DE0CAE62234BE3430071FF96 /* Resources */,
				DE0CAE4D234BD96E0071FF96 /* Model */,
				DE0CAE4A234BD6CC0071FF96 /* View */,
				DE6D033E234B3038000D4666 /* Assets.xcassets */,
				DE6D0343234B3038000D4666 /* LaunchScreen.storyboard */,
				DE6D0346234B3038000D4666 /* Info.plist */,
				DE6D0340234B3038000D4666 /* Preview Content */,
			);
			path = MovieSearch2;
			sourceTree = "<group>";
		};
		DE6D0340234B3038000D4666 /* Preview Content */ = {
			isa = PBXGroup;
			children = (
				DE6D0341234B3038000D4666 /* Preview Assets.xcassets */,
			);
			path = "Preview Content";
			sourceTree = "<group>";
		};
		DEE9FA132404002700DC03BD /* MovieSearch2Tests */ = {
			isa = PBXGroup;
			children = (
				DEE9FA0D2404001400DC03BD /* TestPlan.xctestplan */,
				DE0474A0240421E9008825DB /* UITests.swift */,
				DEE9FA142404002700DC03BD /* UnitTests.swift */,
				DEE9FA162404002700DC03BD /* Info.plist */,
			);
			path = MovieSearch2Tests;
			sourceTree = "<group>";
		};
/* End PBXGroup section */

/* Begin PBXNativeTarget section */
		DE0474A524042306008825DB /* UITests */ = {
			isa = PBXNativeTarget;
			buildConfigurationList = DE0474AD24042306008825DB /* Build configuration list for PBXNativeTarget "UITests" */;
			buildPhases = (
				DE0474A224042306008825DB /* Sources */,
				DE0474A324042306008825DB /* Frameworks */,
				DE0474A424042306008825DB /* Resources */,
			);
			buildRules = (
			);
			dependencies = (
				DE0474AC24042306008825DB /* PBXTargetDependency */,
			);
			name = UITests;
			productName = MovieSearch2UITests;
			productReference = DE0474A624042306008825DB /* UITests.xctest */;
			productType = "com.apple.product-type.bundle.ui-testing";
		};
		DE6D0334234B3036000D4666 /* MovieSearch2 */ = {
			isa = PBXNativeTarget;
			buildConfigurationList = DE6D0349234B3038000D4666 /* Build configuration list for PBXNativeTarget "MovieSearch2" */;
			buildPhases = (
				DE6D0331234B3036000D4666 /* Sources */,
				DE6D0332234B3036000D4666 /* Frameworks */,
				DE6D0333234B3036000D4666 /* Resources */,
			);
			buildRules = (
			);
			dependencies = (
			);
			name = MovieSearch2;
			productName = MovieSearch2;
			productReference = DE6D0335234B3036000D4666 /* MovieSearch2.app */;
			productType = "com.apple.product-type.application";
		};
		DEE9FA112404002700DC03BD /* UnitTests */ = {
			isa = PBXNativeTarget;
			buildConfigurationList = DEE9FA192404002700DC03BD /* Build configuration list for PBXNativeTarget "UnitTests" */;
			buildPhases = (
				DEE9FA0E2404002700DC03BD /* Sources */,
				DEE9FA0F2404002700DC03BD /* Frameworks */,
				DEE9FA102404002700DC03BD /* Resources */,
			);
			buildRules = (
			);
			dependencies = (
				DEE9FA182404002700DC03BD /* PBXTargetDependency */,
			);
			name = UnitTests;
			productName = MovieSearch2Tests;
			productReference = DEE9FA122404002700DC03BD /* UnitTests.xctest */;
			productType = "com.apple.product-type.bundle.unit-test";
		};
/* End PBXNativeTarget section */

/* Begin PBXProject section */
		DE6D032D234B3036000D4666 /* Project object */ = {
			isa = PBXProject;
			attributes = {
				LastSwiftUpdateCheck = 1130;
				LastUpgradeCheck = 1100;
				ORGANIZATIONNAME = "Frank Mortensen";
				TargetAttributes = {
					DE0474A524042306008825DB = {
						CreatedOnToolsVersion = 11.3.1;
						TestTargetID = DE6D0334234B3036000D4666;
					};
					DE6D0334234B3036000D4666 = {
						CreatedOnToolsVersion = 11.0;
					};
					DEE9FA112404002700DC03BD = {
						CreatedOnToolsVersion = 11.3.1;
						TestTargetID = DE6D0334234B3036000D4666;
					};
				};
			};
			buildConfigurationList = DE6D0330234B3036000D4666 /* Build configuration list for PBXProject "MovieSearch2" */;
			compatibilityVersion = "Xcode 9.3";
			developmentRegion = en;
			hasScannedForEncodings = 0;
			knownRegions = (
				en,
				Base,
			);
			mainGroup = DE6D032C234B3036000D4666;
			productRefGroup = DE6D0336234B3036000D4666 /* Products */;
			projectDirPath = "";
			projectRoot = "";
			targets = (
				DE6D0334234B3036000D4666 /* MovieSearch2 */,
				DEE9FA112404002700DC03BD /* UnitTests */,
				DE0474A524042306008825DB /* UITests */,
			);
		};
/* End PBXProject section */

/* Begin PBXResourcesBuildPhase section */
		DE0474A424042306008825DB /* Resources */ = {
			isa = PBXResourcesBuildPhase;
			buildActionMask = 2147483647;
			files = (
			);
			runOnlyForDeploymentPostprocessing = 0;
		};
		DE6D0333234B3036000D4666 /* Resources */ = {
			isa = PBXResourcesBuildPhase;
			buildActionMask = 2147483647;
			files = (
				DE0CAE64234BE3610071FF96 /* Secrets.plist in Resources */,
				DE6D0345234B3038000D4666 /* LaunchScreen.storyboard in Resources */,
				DE6D0342234B3038000D4666 /* Preview Assets.xcassets in Resources */,
				DE6D033F234B3038000D4666 /* Assets.xcassets in Resources */,
			);
			runOnlyForDeploymentPostprocessing = 0;
		};
		DEE9FA102404002700DC03BD /* Resources */ = {
			isa = PBXResourcesBuildPhase;
			buildActionMask = 2147483647;
			files = (
			);
			runOnlyForDeploymentPostprocessing = 0;
		};
/* End PBXResourcesBuildPhase section */

/* Begin PBXSourcesBuildPhase section */
		DE0474A224042306008825DB /* Sources */ = {
			isa = PBXSourcesBuildPhase;
			buildActionMask = 2147483647;
			files = (
				DE0474B0240423D3008825DB /* UITests.swift in Sources */,
			);
			runOnlyForDeploymentPostprocessing = 0;
		};
		DE6D0331234B3036000D4666 /* Sources */ = {
			isa = PBXSourcesBuildPhase;
			buildActionMask = 2147483647;
			files = (
				DEBF69E3234DE8DC009240B0 /* Thumbnail.swift in Sources */,
				DE6D0339234B3036000D4666 /* AppDelegate.swift in Sources */,
				DE0CAE53234BDA190071FF96 /* MovieDBResponse.swift in Sources */,
				DE0CAE4C234BD75D0071FF96 /* MovieRow.swift in Sources */,
				DE6D033B234B3036000D4666 /* SceneDelegate.swift in Sources */,
				DE0CAE55234BDA6D0071FF96 /* MovieSearchResponse.swift in Sources */,
				DE0CAE61234BE0AF0071FF96 /* MovieData.swift in Sources */,
				DE0CAE4F234BD98C0071FF96 /* MovieDBClient.swift in Sources */,
				DE0CAE5F234BDD910071FF96 /* MovieSearchField.swift in Sources */,
				DE0CAE57234BDA810071FF96 /* GenreResponse.swift in Sources */,
				DE6D033D234B3036000D4666 /* MovieList.swift in Sources */,
				DE5568FD234C6872001C8ED6 /* DummyData.swift in Sources */,
				DE0CAE59234BDAA30071FF96 /* MovieDetails.swift in Sources */,
				DEBA849D234CFFCF005DE767 /* MovieDetailsView.swift in Sources */,
				DEBF69E5234E04B2009240B0 /* BackgroundImage.swift in Sources */,
				DE0CAE5D234BDAE80071FF96 /* Movie.swift in Sources */,
				DE0CAE5B234BDAD70071FF96 /* Genre.swift in Sources */,
			);
			runOnlyForDeploymentPostprocessing = 0;
		};
		DEE9FA0E2404002700DC03BD /* Sources */ = {
			isa = PBXSourcesBuildPhase;
			buildActionMask = 2147483647;
			files = (
				DEE9FA152404002700DC03BD /* UnitTests.swift in Sources */,
				DE0474B12404245D008825DB /* Genre.swift in Sources */,
			);
			runOnlyForDeploymentPostprocessing = 0;
		};
/* End PBXSourcesBuildPhase section */

/* Begin PBXTargetDependency section */
		DE0474AC24042306008825DB /* PBXTargetDependency */ = {
			isa = PBXTargetDependency;
			target = DE6D0334234B3036000D4666 /* MovieSearch2 */;
			targetProxy = DE0474AB24042306008825DB /* PBXContainerItemProxy */;
		};
		DEE9FA182404002700DC03BD /* PBXTargetDependency */ = {
			isa = PBXTargetDependency;
			target = DE6D0334234B3036000D4666 /* MovieSearch2 */;
			targetProxy = DEE9FA172404002700DC03BD /* PBXContainerItemProxy */;
		};
/* End PBXTargetDependency section */

/* Begin PBXVariantGroup section */
		DE6D0343234B3038000D4666 /* LaunchScreen.storyboard */ = {
			isa = PBXVariantGroup;
			children = (
				DE6D0344234B3038000D4666 /* Base */,
			);
			name = LaunchScreen.storyboard;
			sourceTree = "<group>";
		};
/* End PBXVariantGroup section */

/* Begin XCBuildConfiguration section */
		DE0474AE24042306008825DB /* Debug */ = {
			isa = XCBuildConfiguration;
			buildSettings = {
				CODE_SIGN_STYLE = Automatic;
				DEVELOPMENT_TEAM = P6GHZHRUCU;
				INFOPLIST_FILE = MovieSearch2Tests/Info.plist;
				IPHONEOS_DEPLOYMENT_TARGET = 13.2;
				LD_RUNPATH_SEARCH_PATHS = (
					"$(inherited)",
					"@executable_path/Frameworks",
					"@loader_path/Frameworks",
				);
				PRODUCT_BUNDLE_IDENTIFIER = "org.cocoapods.demo.Ble-Example.MovieSearch2UITests";
				PRODUCT_NAME = "$(TARGET_NAME)";
				SWIFT_VERSION = 5.0;
				TARGETED_DEVICE_FAMILY = "1,2";
				TEST_TARGET_NAME = MovieSearch2;
			};
			name = Debug;
		};
		DE0474AF24042306008825DB /* Release */ = {
			isa = XCBuildConfiguration;
			buildSettings = {
				CODE_SIGN_STYLE = Automatic;
				DEVELOPMENT_TEAM = P6GHZHRUCU;
				INFOPLIST_FILE = MovieSearch2Tests/Info.plist;
				IPHONEOS_DEPLOYMENT_TARGET = 13.2;
				LD_RUNPATH_SEARCH_PATHS = (
					"$(inherited)",
					"@executable_path/Frameworks",
					"@loader_path/Frameworks",
				);
				PRODUCT_BUNDLE_IDENTIFIER = "org.cocoapods.demo.Ble-Example.MovieSearch2UITests";
				PRODUCT_NAME = "$(TARGET_NAME)";
				SWIFT_VERSION = 5.0;
				TARGETED_DEVICE_FAMILY = "1,2";
				TEST_TARGET_NAME = MovieSearch2;
			};
			name = Release;
		};
		DE6D0347234B3038000D4666 /* Debug */ = {
			isa = XCBuildConfiguration;
			buildSettings = {
				ALWAYS_SEARCH_USER_PATHS = NO;
				CLANG_ANALYZER_NONNULL = YES;
				CLANG_ANALYZER_NUMBER_OBJECT_CONVERSION = YES_AGGRESSIVE;
				CLANG_CXX_LANGUAGE_STANDARD = "gnu++14";
				CLANG_CXX_LIBRARY = "libc++";
				CLANG_ENABLE_MODULES = YES;
				CLANG_ENABLE_OBJC_ARC = YES;
				CLANG_ENABLE_OBJC_WEAK = YES;
				CLANG_WARN_BLOCK_CAPTURE_AUTORELEASING = YES;
				CLANG_WARN_BOOL_CONVERSION = YES;
				CLANG_WARN_COMMA = YES;
				CLANG_WARN_CONSTANT_CONVERSION = YES;
				CLANG_WARN_DEPRECATED_OBJC_IMPLEMENTATIONS = YES;
				CLANG_WARN_DIRECT_OBJC_ISA_USAGE = YES_ERROR;
				CLANG_WARN_DOCUMENTATION_COMMENTS = YES;
				CLANG_WARN_EMPTY_BODY = YES;
				CLANG_WARN_ENUM_CONVERSION = YES;
				CLANG_WARN_INFINITE_RECURSION = YES;
				CLANG_WARN_INT_CONVERSION = YES;
				CLANG_WARN_NON_LITERAL_NULL_CONVERSION = YES;
				CLANG_WARN_OBJC_IMPLICIT_RETAIN_SELF = YES;
				CLANG_WARN_OBJC_LITERAL_CONVERSION = YES;
				CLANG_WARN_OBJC_ROOT_CLASS = YES_ERROR;
				CLANG_WARN_RANGE_LOOP_ANALYSIS = YES;
				CLANG_WARN_STRICT_PROTOTYPES = YES;
				CLANG_WARN_SUSPICIOUS_MOVE = YES;
				CLANG_WARN_UNGUARDED_AVAILABILITY = YES_AGGRESSIVE;
				CLANG_WARN_UNREACHABLE_CODE = YES;
				CLANG_WARN__DUPLICATE_METHOD_MATCH = YES;
				COPY_PHASE_STRIP = NO;
				DEBUG_INFORMATION_FORMAT = dwarf;
				ENABLE_STRICT_OBJC_MSGSEND = YES;
				ENABLE_TESTABILITY = YES;
				GCC_C_LANGUAGE_STANDARD = gnu11;
				GCC_DYNAMIC_NO_PIC = NO;
				GCC_NO_COMMON_BLOCKS = YES;
				GCC_OPTIMIZATION_LEVEL = 0;
				GCC_PREPROCESSOR_DEFINITIONS = (
					"DEBUG=1",
					"$(inherited)",
				);
				GCC_WARN_64_TO_32_BIT_CONVERSION = YES;
				GCC_WARN_ABOUT_RETURN_TYPE = YES_ERROR;
				GCC_WARN_UNDECLARED_SELECTOR = YES;
				GCC_WARN_UNINITIALIZED_AUTOS = YES_AGGRESSIVE;
				GCC_WARN_UNUSED_FUNCTION = YES;
				GCC_WARN_UNUSED_VARIABLE = YES;
				IPHONEOS_DEPLOYMENT_TARGET = 13.0;
				MTL_ENABLE_DEBUG_INFO = INCLUDE_SOURCE;
				MTL_FAST_MATH = YES;
				ONLY_ACTIVE_ARCH = YES;
				SDKROOT = iphoneos;
				SWIFT_ACTIVE_COMPILATION_CONDITIONS = DEBUG;
				SWIFT_OPTIMIZATION_LEVEL = "-Onone";
			};
			name = Debug;
		};
		DE6D0348234B3038000D4666 /* Release */ = {
			isa = XCBuildConfiguration;
			buildSettings = {
				ALWAYS_SEARCH_USER_PATHS = NO;
				CLANG_ANALYZER_NONNULL = YES;
				CLANG_ANALYZER_NUMBER_OBJECT_CONVERSION = YES_AGGRESSIVE;
				CLANG_CXX_LANGUAGE_STANDARD = "gnu++14";
				CLANG_CXX_LIBRARY = "libc++";
				CLANG_ENABLE_MODULES = YES;
				CLANG_ENABLE_OBJC_ARC = YES;
				CLANG_ENABLE_OBJC_WEAK = YES;
				CLANG_WARN_BLOCK_CAPTURE_AUTORELEASING = YES;
				CLANG_WARN_BOOL_CONVERSION = YES;
				CLANG_WARN_COMMA = YES;
				CLANG_WARN_CONSTANT_CONVERSION = YES;
				CLANG_WARN_DEPRECATED_OBJC_IMPLEMENTATIONS = YES;
				CLANG_WARN_DIRECT_OBJC_ISA_USAGE = YES_ERROR;
				CLANG_WARN_DOCUMENTATION_COMMENTS = YES;
				CLANG_WARN_EMPTY_BODY = YES;
				CLANG_WARN_ENUM_CONVERSION = YES;
				CLANG_WARN_INFINITE_RECURSION = YES;
				CLANG_WARN_INT_CONVERSION = YES;
				CLANG_WARN_NON_LITERAL_NULL_CONVERSION = YES;
				CLANG_WARN_OBJC_IMPLICIT_RETAIN_SELF = YES;
				CLANG_WARN_OBJC_LITERAL_CONVERSION = YES;
				CLANG_WARN_OBJC_ROOT_CLASS = YES_ERROR;
				CLANG_WARN_RANGE_LOOP_ANALYSIS = YES;
				CLANG_WARN_STRICT_PROTOTYPES = YES;
				CLANG_WARN_SUSPICIOUS_MOVE = YES;
				CLANG_WARN_UNGUARDED_AVAILABILITY = YES_AGGRESSIVE;
				CLANG_WARN_UNREACHABLE_CODE = YES;
				CLANG_WARN__DUPLICATE_METHOD_MATCH = YES;
				COPY_PHASE_STRIP = NO;
				DEBUG_INFORMATION_FORMAT = "dwarf-with-dsym";
				ENABLE_NS_ASSERTIONS = NO;
				ENABLE_STRICT_OBJC_MSGSEND = YES;
				GCC_C_LANGUAGE_STANDARD = gnu11;
				GCC_NO_COMMON_BLOCKS = YES;
				GCC_WARN_64_TO_32_BIT_CONVERSION = YES;
				GCC_WARN_ABOUT_RETURN_TYPE = YES_ERROR;
				GCC_WARN_UNDECLARED_SELECTOR = YES;
				GCC_WARN_UNINITIALIZED_AUTOS = YES_AGGRESSIVE;
				GCC_WARN_UNUSED_FUNCTION = YES;
				GCC_WARN_UNUSED_VARIABLE = YES;
				IPHONEOS_DEPLOYMENT_TARGET = 13.0;
				MTL_ENABLE_DEBUG_INFO = NO;
				MTL_FAST_MATH = YES;
				SDKROOT = iphoneos;
				SWIFT_COMPILATION_MODE = wholemodule;
				SWIFT_OPTIMIZATION_LEVEL = "-O";
				VALIDATE_PRODUCT = YES;
			};
			name = Release;
		};
		DE6D034A234B3038000D4666 /* Debug */ = {
			isa = XCBuildConfiguration;
			buildSettings = {
				ASSETCATALOG_COMPILER_APPICON_NAME = AppIcon;
				CODE_SIGN_STYLE = Automatic;
				DEVELOPMENT_ASSET_PATHS = "\"MovieSearch2/Preview Content\"";
				DEVELOPMENT_TEAM = NRNCDR832H;
				ENABLE_PREVIEWS = YES;
				INFOPLIST_FILE = MovieSearch2/Info.plist;
				LD_RUNPATH_SEARCH_PATHS = (
					"$(inherited)",
					"@executable_path/Frameworks",
				);
				PRODUCT_BUNDLE_IDENTIFIER = im.mortensen.MovieSearch2;
				PRODUCT_NAME = "$(TARGET_NAME)";
				SWIFT_VERSION = 5.0;
				TARGETED_DEVICE_FAMILY = "1,2";
			};
			name = Debug;
		};
		DE6D034B234B3038000D4666 /* Release */ = {
			isa = XCBuildConfiguration;
			buildSettings = {
				ASSETCATALOG_COMPILER_APPICON_NAME = AppIcon;
				CODE_SIGN_STYLE = Automatic;
				DEVELOPMENT_ASSET_PATHS = "\"MovieSearch2/Preview Content\"";
				DEVELOPMENT_TEAM = NRNCDR832H;
				ENABLE_PREVIEWS = YES;
				INFOPLIST_FILE = MovieSearch2/Info.plist;
				LD_RUNPATH_SEARCH_PATHS = (
					"$(inherited)",
					"@executable_path/Frameworks",
				);
				PRODUCT_BUNDLE_IDENTIFIER = im.mortensen.MovieSearch2;
				PRODUCT_NAME = "$(TARGET_NAME)";
				SWIFT_VERSION = 5.0;
				TARGETED_DEVICE_FAMILY = "1,2";
			};
			name = Release;
		};
		DEE9FA1A2404002700DC03BD /* Debug */ = {
			isa = XCBuildConfiguration;
			buildSettings = {
				BUNDLE_LOADER = "$(TEST_HOST)";
				CODE_SIGN_STYLE = Automatic;
				DEVELOPMENT_TEAM = P6GHZHRUCU;
				INFOPLIST_FILE = MovieSearch2Tests/Info.plist;
				IPHONEOS_DEPLOYMENT_TARGET = 13.2;
				LD_RUNPATH_SEARCH_PATHS = (
					"$(inherited)",
					"@executable_path/Frameworks",
					"@loader_path/Frameworks",
				);
				PRODUCT_BUNDLE_IDENTIFIER = "org.cocoapods.demo.Ble-Example.MovieSearch2Tests";
				PRODUCT_NAME = "$(TARGET_NAME)";
				SWIFT_VERSION = 5.0;
				TARGETED_DEVICE_FAMILY = "1,2";
				TEST_HOST = "$(BUILT_PRODUCTS_DIR)/MovieSearch2.app/MovieSearch2";
			};
			name = Debug;
		};
		DEE9FA1B2404002700DC03BD /* Release */ = {
			isa = XCBuildConfiguration;
			buildSettings = {
				BUNDLE_LOADER = "$(TEST_HOST)";
				CODE_SIGN_STYLE = Automatic;
				DEVELOPMENT_TEAM = P6GHZHRUCU;
				INFOPLIST_FILE = MovieSearch2Tests/Info.plist;
				IPHONEOS_DEPLOYMENT_TARGET = 13.2;
				LD_RUNPATH_SEARCH_PATHS = (
					"$(inherited)",
					"@executable_path/Frameworks",
					"@loader_path/Frameworks",
				);
				PRODUCT_BUNDLE_IDENTIFIER = "org.cocoapods.demo.Ble-Example.MovieSearch2Tests";
				PRODUCT_NAME = "$(TARGET_NAME)";
				SWIFT_VERSION = 5.0;
				TARGETED_DEVICE_FAMILY = "1,2";
				TEST_HOST = "$(BUILT_PRODUCTS_DIR)/MovieSearch2.app/MovieSearch2";
			};
			name = Release;
		};
/* End XCBuildConfiguration section */

/* Begin XCConfigurationList section */
		DE0474AD24042306008825DB /* Build configuration list for PBXNativeTarget "UITests" */ = {
			isa = XCConfigurationList;
			buildConfigurations = (
				DE0474AE24042306008825DB /* Debug */,
				DE0474AF24042306008825DB /* Release */,
			);
			defaultConfigurationIsVisible = 0;
			defaultConfigurationName = Release;
		};
		DE6D0330234B3036000D4666 /* Build configuration list for PBXProject "MovieSearch2" */ = {
			isa = XCConfigurationList;
			buildConfigurations = (
				DE6D0347234B3038000D4666 /* Debug */,
				DE6D0348234B3038000D4666 /* Release */,
			);
			defaultConfigurationIsVisible = 0;
			defaultConfigurationName = Release;
		};
		DE6D0349234B3038000D4666 /* Build configuration list for PBXNativeTarget "MovieSearch2" */ = {
			isa = XCConfigurationList;
			buildConfigurations = (
				DE6D034A234B3038000D4666 /* Debug */,
				DE6D034B234B3038000D4666 /* Release */,
			);
			defaultConfigurationIsVisible = 0;
			defaultConfigurationName = Release;
		};
		DEE9FA192404002700DC03BD /* Build configuration list for PBXNativeTarget "UnitTests" */ = {
			isa = XCConfigurationList;
			buildConfigurations = (
				DEE9FA1A2404002700DC03BD /* Debug */,
				DEE9FA1B2404002700DC03BD /* Release */,
			);
			defaultConfigurationIsVisible = 0;
			defaultConfigurationName = Release;
		};
/* End XCConfigurationList section */
	};
	rootObject = DE6D032D234B3036000D4666 /* Project object */;
}
